
Microsoft Visual Studio Solution File, Format Version 12.00
# Visual Studio Version 17
VisualStudioVersion = 17.9.34622.214
MinimumVisualStudioVersion = 10.0.40219.1
Project("{FAE04EC0-301F-11D3-BF4B-00C04F79EFBC}") = "form", "form.csproj", "{BD262489-B48A-4939-B6DC-0CCE01C3C43E}"
EndProject
Global
	GlobalSection(SolutionConfigurationPlatforms) = preSolution
		Debug|Any CPU = Debug|Any CPU
		Release|Any CPU = Release|Any CPU
	EndGlobalSection
	GlobalSection(ProjectConfigurationPlatforms) = postSolution
		{BD262489-B48A-4939-B6DC-0CCE01C3C43E}.Debug|Any CPU.ActiveCfg = Debug|Any CPU
		{BD262489-B48A-4939-B6DC-0CCE01C3C43E}.Debug|Any CPU.Build.0 = Debug|Any CPU
		{BD262489-B48A-4939-B6DC-0CCE01C3C43E}.Release|Any CPU.ActiveCfg = Release|Any CPU
		{BD262489-B48A-4939-B6DC-0CCE01C3C43E}.Release|Any CPU.Build.0 = Release|Any CPU
	EndGlobalSection
	GlobalSection(SolutionProperties) = preSolution
		HideSolutionNode = FALSE
	EndGlobalSection
	GlobalSection(ExtensibilityGlobals) = postSolution
		SolutionGuid = {DBD4BE53-4C9A-413A-AA26-32BA29D1E23E}
	EndGlobalSection
EndGlobal
